
Microsoft Visual Studio Solution File, Format Version 12.00
# Visual Studio 15
VisualStudioVersion = 15.0.27004.2006
MinimumVisualStudioVersion = 10.0.40219.1
Project("{FAE04EC0-301F-11D3-BF4B-00C04F79EFBC}") = "TracingWeb", "TracingWeb\TracingWeb.csproj", "{F59BD8C8-C478-4A5A-9DEC-D1A74673F027}"
EndProject
Global
	GlobalSection(SolutionConfigurationPlatforms) = preSolution
		Debug|Any CPU = Debug|Any CPU
		Release|Any CPU = Release|Any CPU
	EndGlobalSection
	GlobalSection(ProjectConfigurationPlatforms) = postSolution
		{F59BD8C8-C478-4A5A-9DEC-D1A74673F027}.Debug|Any CPU.ActiveCfg = Release|Any CPU
		{F59BD8C8-C478-4A5A-9DEC-D1A74673F027}.Debug|Any CPU.Build.0 = Release|Any CPU
		{F59BD8C8-C478-4A5A-9DEC-D1A74673F027}.Release|Any CPU.ActiveCfg = Release|Any CPU
		{F59BD8C8-C478-4A5A-9DEC-D1A74673F027}.Release|Any CPU.Build.0 = Release|Any CPU
	EndGlobalSection
	GlobalSection(SolutionProperties) = preSolution
		HideSolutionNode = FALSE
	EndGlobalSection
	GlobalSection(ExtensibilityGlobals) = postSolution
		SolutionGuid = {B2EDFE5D-8060-42C4-B301-29E5BCD5A2FE}
	EndGlobalSection
EndGlobal
